// !$*UTF8*$!
{
	archiveVersion = 1;
	classes = {
	};
	objectVersion = 51;
	objects = {

/* Begin PBXBuildFile section */
		0E29B61ED2BF09AEC24109A8 /* Pods_desafioContaStone.framework in Frameworks */ = {isa = PBXBuildFile; fileRef = 47411819B5FCD88EBC877A35 /* Pods_desafioContaStone.framework */; };
		733B50DB4B9091201DA1E6EB /* Pods_desafioContaStoneTests.framework in Frameworks */ = {isa = PBXBuildFile; fileRef = 60BEDD17CD233427C6ABC84C /* Pods_desafioContaStoneTests.framework */; };
		7CF86E3EA519322F1C22BCCF /* Pods_desafioContaStone_desafioContaStoneUITests.framework in Frameworks */ = {isa = PBXBuildFile; fileRef = 676F94FBFF867B4EB603A983 /* Pods_desafioContaStone_desafioContaStoneUITests.framework */; };
		C93F84EC255CBD5300A2F396 /* AppCoordinator.swift in Sources */ = {isa = PBXBuildFile; fileRef = C93F84EB255CBD5300A2F396 /* AppCoordinator.swift */; };
		C93F84F1255CBE1200A2F396 /* FactViewModel.swift in Sources */ = {isa = PBXBuildFile; fileRef = C93F84F0255CBE1200A2F396 /* FactViewModel.swift */; };
		C93F84F6255CBE6D00A2F396 /* FactsListViewModel.swift in Sources */ = {isa = PBXBuildFile; fileRef = C93F84F5255CBE6D00A2F396 /* FactsListViewModel.swift */; };
		C93F84FB255CC3CF00A2F396 /* Fact.swift in Sources */ = {isa = PBXBuildFile; fileRef = C93F84FA255CC3CE00A2F396 /* Fact.swift */; };
		C93F8501255CC74A00A2F396 /* FactService.swift in Sources */ = {isa = PBXBuildFile; fileRef = C93F8500255CC74A00A2F396 /* FactService.swift */; };
		C94BF945255C2070008B5A06 /* AppDelegate.swift in Sources */ = {isa = PBXBuildFile; fileRef = C94BF944255C2070008B5A06 /* AppDelegate.swift */; };
		C94BF947255C2070008B5A06 /* SceneDelegate.swift in Sources */ = {isa = PBXBuildFile; fileRef = C94BF946255C2070008B5A06 /* SceneDelegate.swift */; };
		C94BF949255C2070008B5A06 /* ViewController.swift in Sources */ = {isa = PBXBuildFile; fileRef = C94BF948255C2070008B5A06 /* ViewController.swift */; };
		C94BF94C255C2070008B5A06 /* Main.storyboard in Resources */ = {isa = PBXBuildFile; fileRef = C94BF94A255C2070008B5A06 /* Main.storyboard */; };
		C94BF94E255C2073008B5A06 /* Assets.xcassets in Resources */ = {isa = PBXBuildFile; fileRef = C94BF94D255C2073008B5A06 /* Assets.xcassets */; };
		C94BF951255C2073008B5A06 /* LaunchScreen.storyboard in Resources */ = {isa = PBXBuildFile; fileRef = C94BF94F255C2073008B5A06 /* LaunchScreen.storyboard */; };
		C94BF95C255C2073008B5A06 /* desafioContaStoneTests.swift in Sources */ = {isa = PBXBuildFile; fileRef = C94BF95B255C2073008B5A06 /* desafioContaStoneTests.swift */; };
		C94BF967255C2073008B5A06 /* desafioContaStoneUITests.swift in Sources */ = {isa = PBXBuildFile; fileRef = C94BF966255C2073008B5A06 /* desafioContaStoneUITests.swift */; };
		C97DCBCC25601FCD008DAA88 /* FactCell.swift in Sources */ = {isa = PBXBuildFile; fileRef = C97DCBCB25601FCC008DAA88 /* FactCell.swift */; };
/* End PBXBuildFile section */

/* Begin PBXContainerItemProxy section */
		C94BF958255C2073008B5A06 /* PBXContainerItemProxy */ = {
			isa = PBXContainerItemProxy;
			containerPortal = C94BF939255C2070008B5A06 /* Project object */;
			proxyType = 1;
			remoteGlobalIDString = C94BF940255C2070008B5A06;
			remoteInfo = desafioContaStone;
		};
		C94BF963255C2073008B5A06 /* PBXContainerItemProxy */ = {
			isa = PBXContainerItemProxy;
			containerPortal = C94BF939255C2070008B5A06 /* Project object */;
			proxyType = 1;
			remoteGlobalIDString = C94BF940255C2070008B5A06;
			remoteInfo = desafioContaStone;
		};
/* End PBXContainerItemProxy section */

/* Begin PBXFileReference section */
		209EC8534691A0BDA6016DF8 /* Pods-desafioContaStone.debug.xcconfig */ = {isa = PBXFileReference; includeInIndex = 1; lastKnownFileType = text.xcconfig; name = "Pods-desafioContaStone.debug.xcconfig"; path = "Target Support Files/Pods-desafioContaStone/Pods-desafioContaStone.debug.xcconfig"; sourceTree = "<group>"; };
		47411819B5FCD88EBC877A35 /* Pods_desafioContaStone.framework */ = {isa = PBXFileReference; explicitFileType = wrapper.framework; includeInIndex = 0; path = Pods_desafioContaStone.framework; sourceTree = BUILT_PRODUCTS_DIR; };
		60BEDD17CD233427C6ABC84C /* Pods_desafioContaStoneTests.framework */ = {isa = PBXFileReference; explicitFileType = wrapper.framework; includeInIndex = 0; path = Pods_desafioContaStoneTests.framework; sourceTree = BUILT_PRODUCTS_DIR; };
		676F94FBFF867B4EB603A983 /* Pods_desafioContaStone_desafioContaStoneUITests.framework */ = {isa = PBXFileReference; explicitFileType = wrapper.framework; includeInIndex = 0; path = Pods_desafioContaStone_desafioContaStoneUITests.framework; sourceTree = BUILT_PRODUCTS_DIR; };
		84572603E5233C9D8C061F4E /* Pods-desafioContaStoneTests.debug.xcconfig */ = {isa = PBXFileReference; includeInIndex = 1; lastKnownFileType = text.xcconfig; name = "Pods-desafioContaStoneTests.debug.xcconfig"; path = "Target Support Files/Pods-desafioContaStoneTests/Pods-desafioContaStoneTests.debug.xcconfig"; sourceTree = "<group>"; };
		88C0A25D04BD145A517B0FAF /* Pods-desafioContaStone-desafioContaStoneUITests.debug.xcconfig */ = {isa = PBXFileReference; includeInIndex = 1; lastKnownFileType = text.xcconfig; name = "Pods-desafioContaStone-desafioContaStoneUITests.debug.xcconfig"; path = "Target Support Files/Pods-desafioContaStone-desafioContaStoneUITests/Pods-desafioContaStone-desafioContaStoneUITests.debug.xcconfig"; sourceTree = "<group>"; };
		8A219070A8BD70D06871036E /* Pods-desafioContaStoneTests.release.xcconfig */ = {isa = PBXFileReference; includeInIndex = 1; lastKnownFileType = text.xcconfig; name = "Pods-desafioContaStoneTests.release.xcconfig"; path = "Target Support Files/Pods-desafioContaStoneTests/Pods-desafioContaStoneTests.release.xcconfig"; sourceTree = "<group>"; };
		8D5C59302B9765C86D09448D /* Pods-desafioContaStone.release.xcconfig */ = {isa = PBXFileReference; includeInIndex = 1; lastKnownFileType = text.xcconfig; name = "Pods-desafioContaStone.release.xcconfig"; path = "Target Support Files/Pods-desafioContaStone/Pods-desafioContaStone.release.xcconfig"; sourceTree = "<group>"; };
		C93F84EB255CBD5300A2F396 /* AppCoordinator.swift */ = {isa = PBXFileReference; lastKnownFileType = sourcecode.swift; path = AppCoordinator.swift; sourceTree = "<group>"; };
		C93F84F0255CBE1200A2F396 /* FactViewModel.swift */ = {isa = PBXFileReference; lastKnownFileType = sourcecode.swift; path = FactViewModel.swift; sourceTree = "<group>"; };
		C93F84F5255CBE6D00A2F396 /* FactsListViewModel.swift */ = {isa = PBXFileReference; lastKnownFileType = sourcecode.swift; path = FactsListViewModel.swift; sourceTree = "<group>"; };
		C93F84FA255CC3CE00A2F396 /* Fact.swift */ = {isa = PBXFileReference; lastKnownFileType = sourcecode.swift; path = Fact.swift; sourceTree = "<group>"; };
		C93F8500255CC74A00A2F396 /* FactService.swift */ = {isa = PBXFileReference; lastKnownFileType = sourcecode.swift; path = FactService.swift; sourceTree = "<group>"; };
		C94BF941255C2070008B5A06 /* desafioContaStone.app */ = {isa = PBXFileReference; explicitFileType = wrapper.application; includeInIndex = 0; path = desafioContaStone.app; sourceTree = BUILT_PRODUCTS_DIR; };
		C94BF944255C2070008B5A06 /* AppDelegate.swift */ = {isa = PBXFileReference; lastKnownFileType = sourcecode.swift; path = AppDelegate.swift; sourceTree = "<group>"; };
		C94BF946255C2070008B5A06 /* SceneDelegate.swift */ = {isa = PBXFileReference; lastKnownFileType = sourcecode.swift; path = SceneDelegate.swift; sourceTree = "<group>"; };
		C94BF948255C2070008B5A06 /* ViewController.swift */ = {isa = PBXFileReference; lastKnownFileType = sourcecode.swift; path = ViewController.swift; sourceTree = "<group>"; };
		C94BF94B255C2070008B5A06 /* Base */ = {isa = PBXFileReference; lastKnownFileType = file.storyboard; name = Base; path = Base.lproj/Main.storyboard; sourceTree = "<group>"; };
		C94BF94D255C2073008B5A06 /* Assets.xcassets */ = {isa = PBXFileReference; lastKnownFileType = folder.assetcatalog; path = Assets.xcassets; sourceTree = "<group>"; };
		C94BF950255C2073008B5A06 /* Base */ = {isa = PBXFileReference; lastKnownFileType = file.storyboard; name = Base; path = Base.lproj/LaunchScreen.storyboard; sourceTree = "<group>"; };
		C94BF952255C2073008B5A06 /* Info.plist */ = {isa = PBXFileReference; lastKnownFileType = text.plist.xml; path = Info.plist; sourceTree = "<group>"; };
		C94BF957255C2073008B5A06 /* desafioContaStoneTests.xctest */ = {isa = PBXFileReference; explicitFileType = wrapper.cfbundle; includeInIndex = 0; path = desafioContaStoneTests.xctest; sourceTree = BUILT_PRODUCTS_DIR; };
		C94BF95B255C2073008B5A06 /* desafioContaStoneTests.swift */ = {isa = PBXFileReference; lastKnownFileType = sourcecode.swift; path = desafioContaStoneTests.swift; sourceTree = "<group>"; };
		C94BF95D255C2073008B5A06 /* Info.plist */ = {isa = PBXFileReference; lastKnownFileType = text.plist.xml; path = Info.plist; sourceTree = "<group>"; };
		C94BF962255C2073008B5A06 /* desafioContaStoneUITests.xctest */ = {isa = PBXFileReference; explicitFileType = wrapper.cfbundle; includeInIndex = 0; path = desafioContaStoneUITests.xctest; sourceTree = BUILT_PRODUCTS_DIR; };
		C94BF966255C2073008B5A06 /* desafioContaStoneUITests.swift */ = {isa = PBXFileReference; lastKnownFileType = sourcecode.swift; path = desafioContaStoneUITests.swift; sourceTree = "<group>"; };
		C94BF968255C2073008B5A06 /* Info.plist */ = {isa = PBXFileReference; lastKnownFileType = text.plist.xml; path = Info.plist; sourceTree = "<group>"; };
		C97DCBCB25601FCC008DAA88 /* FactCell.swift */ = {isa = PBXFileReference; lastKnownFileType = sourcecode.swift; path = FactCell.swift; sourceTree = "<group>"; };
		E46B836F033B11DBAD6241E1 /* Pods-desafioContaStone-desafioContaStoneUITests.release.xcconfig */ = {isa = PBXFileReference; includeInIndex = 1; lastKnownFileType = text.xcconfig; name = "Pods-desafioContaStone-desafioContaStoneUITests.release.xcconfig"; path = "Target Support Files/Pods-desafioContaStone-desafioContaStoneUITests/Pods-desafioContaStone-desafioContaStoneUITests.release.xcconfig"; sourceTree = "<group>"; };
/* End PBXFileReference section */

/* Begin PBXFrameworksBuildPhase section */
		C94BF93E255C2070008B5A06 /* Frameworks */ = {
			isa = PBXFrameworksBuildPhase;
			buildActionMask = 2147483647;
			files = (
				0E29B61ED2BF09AEC24109A8 /* Pods_desafioContaStone.framework in Frameworks */,
			);
			runOnlyForDeploymentPostprocessing = 0;
		};
		C94BF954255C2073008B5A06 /* Frameworks */ = {
			isa = PBXFrameworksBuildPhase;
			buildActionMask = 2147483647;
			files = (
				733B50DB4B9091201DA1E6EB /* Pods_desafioContaStoneTests.framework in Frameworks */,
			);
			runOnlyForDeploymentPostprocessing = 0;
		};
		C94BF95F255C2073008B5A06 /* Frameworks */ = {
			isa = PBXFrameworksBuildPhase;
			buildActionMask = 2147483647;
			files = (
				7CF86E3EA519322F1C22BCCF /* Pods_desafioContaStone_desafioContaStoneUITests.framework in Frameworks */,
			);
			runOnlyForDeploymentPostprocessing = 0;
		};
/* End PBXFrameworksBuildPhase section */

/* Begin PBXGroup section */
		5EAE7AB0A15B71C9AF0F3526 /* Pods */ = {
			isa = PBXGroup;
			children = (
				209EC8534691A0BDA6016DF8 /* Pods-desafioContaStone.debug.xcconfig */,
				8D5C59302B9765C86D09448D /* Pods-desafioContaStone.release.xcconfig */,
				88C0A25D04BD145A517B0FAF /* Pods-desafioContaStone-desafioContaStoneUITests.debug.xcconfig */,
				E46B836F033B11DBAD6241E1 /* Pods-desafioContaStone-desafioContaStoneUITests.release.xcconfig */,
				84572603E5233C9D8C061F4E /* Pods-desafioContaStoneTests.debug.xcconfig */,
				8A219070A8BD70D06871036E /* Pods-desafioContaStoneTests.release.xcconfig */,
			);
			path = Pods;
			sourceTree = "<group>";
		};
		C94BF938255C2070008B5A06 = {
			isa = PBXGroup;
			children = (
				C94BF943255C2070008B5A06 /* desafioContaStone */,
				C94BF95A255C2073008B5A06 /* desafioContaStoneTests */,
				C94BF965255C2073008B5A06 /* desafioContaStoneUITests */,
				C94BF942255C2070008B5A06 /* Products */,
				5EAE7AB0A15B71C9AF0F3526 /* Pods */,
				E8EBF2A191196400D18ECFA8 /* Frameworks */,
			);
			sourceTree = "<group>";
		};
		C94BF942255C2070008B5A06 /* Products */ = {
			isa = PBXGroup;
			children = (
				C94BF941255C2070008B5A06 /* desafioContaStone.app */,
				C94BF957255C2073008B5A06 /* desafioContaStoneTests.xctest */,
				C94BF962255C2073008B5A06 /* desafioContaStoneUITests.xctest */,
			);
			name = Products;
			sourceTree = "<group>";
		};
		C94BF943255C2070008B5A06 /* desafioContaStone */ = {
			isa = PBXGroup;
			children = (
				C9D6223F255C9F160068B8E3 /* Model */,
				C9D6223E255C9F000068B8E3 /* ViewModel */,
				C9D62237255C9EF90068B8E3 /* View */,
				C94BF944255C2070008B5A06 /* AppDelegate.swift */,
				C94BF946255C2070008B5A06 /* SceneDelegate.swift */,
				C94BF948255C2070008B5A06 /* ViewController.swift */,
				C94BF94D255C2073008B5A06 /* Assets.xcassets */,
				C94BF94F255C2073008B5A06 /* LaunchScreen.storyboard */,
				C94BF952255C2073008B5A06 /* Info.plist */,
			);
			path = desafioContaStone;
			sourceTree = "<group>";
		};
		C94BF95A255C2073008B5A06 /* desafioContaStoneTests */ = {
			isa = PBXGroup;
			children = (
				C94BF95B255C2073008B5A06 /* desafioContaStoneTests.swift */,
				C94BF95D255C2073008B5A06 /* Info.plist */,
			);
			path = desafioContaStoneTests;
			sourceTree = "<group>";
		};
		C94BF965255C2073008B5A06 /* desafioContaStoneUITests */ = {
			isa = PBXGroup;
			children = (
				C94BF966255C2073008B5A06 /* desafioContaStoneUITests.swift */,
				C94BF968255C2073008B5A06 /* Info.plist */,
			);
			path = desafioContaStoneUITests;
			sourceTree = "<group>";
		};
		C9D62237255C9EF90068B8E3 /* View */ = {
			isa = PBXGroup;
			children = (
				C94BF94A255C2070008B5A06 /* Main.storyboard */,
			);
			path = View;
			sourceTree = "<group>";
		};
		C9D6223E255C9F000068B8E3 /* ViewModel */ = {
			isa = PBXGroup;
			children = (
				C93F84EB255CBD5300A2F396 /* AppCoordinator.swift */,
				C93F84F0255CBE1200A2F396 /* FactViewModel.swift */,
				C93F84F5255CBE6D00A2F396 /* FactsListViewModel.swift */,
				C93F8500255CC74A00A2F396 /* FactService.swift */,
			);
			path = ViewModel;
			sourceTree = "<group>";
		};
		C9D6223F255C9F160068B8E3 /* Model */ = {
			isa = PBXGroup;
			children = (
				C93F84FA255CC3CE00A2F396 /* Fact.swift */,
				C97DCBCB25601FCC008DAA88 /* FactCell.swift */,
			);
			path = Model;
			sourceTree = "<group>";
		};
		E8EBF2A191196400D18ECFA8 /* Frameworks */ = {
			isa = PBXGroup;
			children = (
				47411819B5FCD88EBC877A35 /* Pods_desafioContaStone.framework */,
				676F94FBFF867B4EB603A983 /* Pods_desafioContaStone_desafioContaStoneUITests.framework */,
				60BEDD17CD233427C6ABC84C /* Pods_desafioContaStoneTests.framework */,
			);
			name = Frameworks;
			sourceTree = "<group>";
		};
/* End PBXGroup section */

/* Begin PBXNativeTarget section */
		C94BF940255C2070008B5A06 /* desafioContaStone */ = {
			isa = PBXNativeTarget;
			buildConfigurationList = C94BF96B255C2073008B5A06 /* Build configuration list for PBXNativeTarget "desafioContaStone" */;
			buildPhases = (
				E24BBF0D3B8C6DC28604D5B1 /* [CP] Check Pods Manifest.lock */,
				C94BF93D255C2070008B5A06 /* Sources */,
				C94BF93E255C2070008B5A06 /* Frameworks */,
				C94BF93F255C2070008B5A06 /* Resources */,
				DFE91EC4FF6B3D300F13779D /* [CP] Embed Pods Frameworks */,
			);
			buildRules = (
			);
			dependencies = (
			);
			name = desafioContaStone;
			productName = desafioContaStone;
			productReference = C94BF941255C2070008B5A06 /* desafioContaStone.app */;
			productType = "com.apple.product-type.application";
		};
		C94BF956255C2073008B5A06 /* desafioContaStoneTests */ = {
			isa = PBXNativeTarget;
			buildConfigurationList = C94BF96E255C2073008B5A06 /* Build configuration list for PBXNativeTarget "desafioContaStoneTests" */;
			buildPhases = (
				AD3AF1C3FB4B10CF82627C7E /* [CP] Check Pods Manifest.lock */,
				C94BF953255C2073008B5A06 /* Sources */,
				C94BF954255C2073008B5A06 /* Frameworks */,
				C94BF955255C2073008B5A06 /* Resources */,
			);
			buildRules = (
			);
			dependencies = (
				C94BF959255C2073008B5A06 /* PBXTargetDependency */,
			);
			name = desafioContaStoneTests;
			productName = desafioContaStoneTests;
			productReference = C94BF957255C2073008B5A06 /* desafioContaStoneTests.xctest */;
			productType = "com.apple.product-type.bundle.unit-test";
		};
		C94BF961255C2073008B5A06 /* desafioContaStoneUITests */ = {
			isa = PBXNativeTarget;
			buildConfigurationList = C94BF971255C2073008B5A06 /* Build configuration list for PBXNativeTarget "desafioContaStoneUITests" */;
			buildPhases = (
				49D874EEA305365C9FF55ABE /* [CP] Check Pods Manifest.lock */,
				C94BF95E255C2073008B5A06 /* Sources */,
				C94BF95F255C2073008B5A06 /* Frameworks */,
				C94BF960255C2073008B5A06 /* Resources */,
				B26DD82F152E5BE773B53002 /* [CP] Embed Pods Frameworks */,
			);
			buildRules = (
			);
			dependencies = (
				C94BF964255C2073008B5A06 /* PBXTargetDependency */,
			);
			name = desafioContaStoneUITests;
			productName = desafioContaStoneUITests;
			productReference = C94BF962255C2073008B5A06 /* desafioContaStoneUITests.xctest */;
			productType = "com.apple.product-type.bundle.ui-testing";
		};
/* End PBXNativeTarget section */

/* Begin PBXProject section */
		C94BF939255C2070008B5A06 /* Project object */ = {
			isa = PBXProject;
			attributes = {
				LastSwiftUpdateCheck = 1200;
				LastUpgradeCheck = 1200;
				TargetAttributes = {
					C94BF940255C2070008B5A06 = {
						CreatedOnToolsVersion = 12.0;
					};
					C94BF956255C2073008B5A06 = {
						CreatedOnToolsVersion = 12.0;
						TestTargetID = C94BF940255C2070008B5A06;
					};
					C94BF961255C2073008B5A06 = {
						CreatedOnToolsVersion = 12.0;
						TestTargetID = C94BF940255C2070008B5A06;
					};
				};
			};
			buildConfigurationList = C94BF93C255C2070008B5A06 /* Build configuration list for PBXProject "desafioContaStone" */;
			compatibilityVersion = "Xcode 9.3";
			developmentRegion = en;
			hasScannedForEncodings = 0;
			knownRegions = (
				en,
				Base,
			);
			mainGroup = C94BF938255C2070008B5A06;
			productRefGroup = C94BF942255C2070008B5A06 /* Products */;
			projectDirPath = "";
			projectRoot = "";
			targets = (
				C94BF940255C2070008B5A06 /* desafioContaStone */,
				C94BF956255C2073008B5A06 /* desafioContaStoneTests */,
				C94BF961255C2073008B5A06 /* desafioContaStoneUITests */,
			);
		};
/* End PBXProject section */

/* Begin PBXResourcesBuildPhase section */
		C94BF93F255C2070008B5A06 /* Resources */ = {
			isa = PBXResourcesBuildPhase;
			buildActionMask = 2147483647;
			files = (
				C94BF951255C2073008B5A06 /* LaunchScreen.storyboard in Resources */,
				C94BF94E255C2073008B5A06 /* Assets.xcassets in Resources */,
				C94BF94C255C2070008B5A06 /* Main.storyboard in Resources */,
			);
			runOnlyForDeploymentPostprocessing = 0;
		};
		C94BF955255C2073008B5A06 /* Resources */ = {
			isa = PBXResourcesBuildPhase;
			buildActionMask = 2147483647;
			files = (
			);
			runOnlyForDeploymentPostprocessing = 0;
		};
		C94BF960255C2073008B5A06 /* Resources */ = {
			isa = PBXResourcesBuildPhase;
			buildActionMask = 2147483647;
			files = (
			);
			runOnlyForDeploymentPostprocessing = 0;
		};
/* End PBXResourcesBuildPhase section */

/* Begin PBXShellScriptBuildPhase section */
		49D874EEA305365C9FF55ABE /* [CP] Check Pods Manifest.lock */ = {
			isa = PBXShellScriptBuildPhase;
			buildActionMask = 2147483647;
			files = (
			);
			inputFileListPaths = (
			);
			inputPaths = (
				"${PODS_PODFILE_DIR_PATH}/Podfile.lock",
				"${PODS_ROOT}/Manifest.lock",
			);
			name = "[CP] Check Pods Manifest.lock";
			outputFileListPaths = (
			);
			outputPaths = (
				"$(DERIVED_FILE_DIR)/Pods-desafioContaStone-desafioContaStoneUITests-checkManifestLockResult.txt",
			);
			runOnlyForDeploymentPostprocessing = 0;
			shellPath = /bin/sh;
			shellScript = "diff \"${PODS_PODFILE_DIR_PATH}/Podfile.lock\" \"${PODS_ROOT}/Manifest.lock\" > /dev/null\nif [ $? != 0 ] ; then\n    # print error to STDERR\n    echo \"error: The sandbox is not in sync with the Podfile.lock. Run 'pod install' or update your CocoaPods installation.\" >&2\n    exit 1\nfi\n# This output is used by Xcode 'outputs' to avoid re-running this script phase.\necho \"SUCCESS\" > \"${SCRIPT_OUTPUT_FILE_0}\"\n";
			showEnvVarsInLog = 0;
		};
		AD3AF1C3FB4B10CF82627C7E /* [CP] Check Pods Manifest.lock */ = {
			isa = PBXShellScriptBuildPhase;
			buildActionMask = 2147483647;
			files = (
			);
			inputFileListPaths = (
			);
			inputPaths = (
				"${PODS_PODFILE_DIR_PATH}/Podfile.lock",
				"${PODS_ROOT}/Manifest.lock",
			);
			name = "[CP] Check Pods Manifest.lock";
			outputFileListPaths = (
			);
			outputPaths = (
				"$(DERIVED_FILE_DIR)/Pods-desafioContaStoneTests-checkManifestLockResult.txt",
			);
			runOnlyForDeploymentPostprocessing = 0;
			shellPath = /bin/sh;
			shellScript = "diff \"${PODS_PODFILE_DIR_PATH}/Podfile.lock\" \"${PODS_ROOT}/Manifest.lock\" > /dev/null\nif [ $? != 0 ] ; then\n    # print error to STDERR\n    echo \"error: The sandbox is not in sync with the Podfile.lock. Run 'pod install' or update your CocoaPods installation.\" >&2\n    exit 1\nfi\n# This output is used by Xcode 'outputs' to avoid re-running this script phase.\necho \"SUCCESS\" > \"${SCRIPT_OUTPUT_FILE_0}\"\n";
			showEnvVarsInLog = 0;
		};
		B26DD82F152E5BE773B53002 /* [CP] Embed Pods Frameworks */ = {
			isa = PBXShellScriptBuildPhase;
			buildActionMask = 2147483647;
			files = (
			);
			inputFileListPaths = (
				"${PODS_ROOT}/Target Support Files/Pods-desafioContaStone-desafioContaStoneUITests/Pods-desafioContaStone-desafioContaStoneUITests-frameworks-${CONFIGURATION}-input-files.xcfilelist",
			);
			name = "[CP] Embed Pods Frameworks";
			outputFileListPaths = (
				"${PODS_ROOT}/Target Support Files/Pods-desafioContaStone-desafioContaStoneUITests/Pods-desafioContaStone-desafioContaStoneUITests-frameworks-${CONFIGURATION}-output-files.xcfilelist",
			);
			runOnlyForDeploymentPostprocessing = 0;
			shellPath = /bin/sh;
			shellScript = "\"${PODS_ROOT}/Target Support Files/Pods-desafioContaStone-desafioContaStoneUITests/Pods-desafioContaStone-desafioContaStoneUITests-frameworks.sh\"\n";
			showEnvVarsInLog = 0;
		};
		DFE91EC4FF6B3D300F13779D /* [CP] Embed Pods Frameworks */ = {
			isa = PBXShellScriptBuildPhase;
			buildActionMask = 2147483647;
			files = (
			);
			inputFileListPaths = (
				"${PODS_ROOT}/Target Support Files/Pods-desafioContaStone/Pods-desafioContaStone-frameworks-${CONFIGURATION}-input-files.xcfilelist",
			);
			name = "[CP] Embed Pods Frameworks";
			outputFileListPaths = (
				"${PODS_ROOT}/Target Support Files/Pods-desafioContaStone/Pods-desafioContaStone-frameworks-${CONFIGURATION}-output-files.xcfilelist",
			);
			runOnlyForDeploymentPostprocessing = 0;
			shellPath = /bin/sh;
			shellScript = "\"${PODS_ROOT}/Target Support Files/Pods-desafioContaStone/Pods-desafioContaStone-frameworks.sh\"\n";
			showEnvVarsInLog = 0;
		};
		E24BBF0D3B8C6DC28604D5B1 /* [CP] Check Pods Manifest.lock */ = {
			isa = PBXShellScriptBuildPhase;
			buildActionMask = 2147483647;
			files = (
			);
			inputFileListPaths = (
			);
			inputPaths = (
				"${PODS_PODFILE_DIR_PATH}/Podfile.lock",
				"${PODS_ROOT}/Manifest.lock",
			);
			name = "[CP] Check Pods Manifest.lock";
			outputFileListPaths = (
			);
			outputPaths = (
				"$(DERIVED_FILE_DIR)/Pods-desafioContaStone-checkManifestLockResult.txt",
			);
			runOnlyForDeploymentPostprocessing = 0;
			shellPath = /bin/sh;
			shellScript = "diff \"${PODS_PODFILE_DIR_PATH}/Podfile.lock\" \"${PODS_ROOT}/Manifest.lock\" > /dev/null\nif [ $? != 0 ] ; then\n    # print error to STDERR\n    echo \"error: The sandbox is not in sync with the Podfile.lock. Run 'pod install' or update your CocoaPods installation.\" >&2\n    exit 1\nfi\n# This output is used by Xcode 'outputs' to avoid re-running this script phase.\necho \"SUCCESS\" > \"${SCRIPT_OUTPUT_FILE_0}\"\n";
			showEnvVarsInLog = 0;
		};
/* End PBXShellScriptBuildPhase section */

/* Begin PBXSourcesBuildPhase section */
		C94BF93D255C2070008B5A06 /* Sources */ = {
			isa = PBXSourcesBuildPhase;
			buildActionMask = 2147483647;
			files = (
				C93F84F6255CBE6D00A2F396 /* FactsListViewModel.swift in Sources */,
				C93F84EC255CBD5300A2F396 /* AppCoordinator.swift in Sources */,
				C94BF949255C2070008B5A06 /* ViewController.swift in Sources */,
				C93F8501255CC74A00A2F396 /* FactService.swift in Sources */,
				C94BF945255C2070008B5A06 /* AppDelegate.swift in Sources */,
				C93F84FB255CC3CF00A2F396 /* Fact.swift in Sources */,
				C93F84F1255CBE1200A2F396 /* FactViewModel.swift in Sources */,
				C97DCBCC25601FCD008DAA88 /* FactCell.swift in Sources */,
				C94BF947255C2070008B5A06 /* SceneDelegate.swift in Sources */,
			);
			runOnlyForDeploymentPostprocessing = 0;
		};
		C94BF953255C2073008B5A06 /* Sources */ = {
			isa = PBXSourcesBuildPhase;
			buildActionMask = 2147483647;
			files = (
				C94BF95C255C2073008B5A06 /* desafioContaStoneTests.swift in Sources */,
			);
			runOnlyForDeploymentPostprocessing = 0;
		};
		C94BF95E255C2073008B5A06 /* Sources */ = {
			isa = PBXSourcesBuildPhase;
			buildActionMask = 2147483647;
			files = (
				C94BF967255C2073008B5A06 /* desafioContaStoneUITests.swift in Sources */,
			);
			runOnlyForDeploymentPostprocessing = 0;
		};
/* End PBXSourcesBuildPhase section */

/* Begin PBXTargetDependency section */
		C94BF959255C2073008B5A06 /* PBXTargetDependency */ = {
			isa = PBXTargetDependency;
			target = C94BF940255C2070008B5A06 /* desafioContaStone */;
			targetProxy = C94BF958255C2073008B5A06 /* PBXContainerItemProxy */;
		};
		C94BF964255C2073008B5A06 /* PBXTargetDependency */ = {
			isa = PBXTargetDependency;
			target = C94BF940255C2070008B5A06 /* desafioContaStone */;
			targetProxy = C94BF963255C2073008B5A06 /* PBXContainerItemProxy */;
		};
/* End PBXTargetDependency section */

/* Begin PBXVariantGroup section */
		C94BF94A255C2070008B5A06 /* Main.storyboard */ = {
			isa = PBXVariantGroup;
			children = (
				C94BF94B255C2070008B5A06 /* Base */,
			);
			name = Main.storyboard;
			sourceTree = "<group>";
		};
		C94BF94F255C2073008B5A06 /* LaunchScreen.storyboard */ = {
			isa = PBXVariantGroup;
			children = (
				C94BF950255C2073008B5A06 /* Base */,
			);
			name = LaunchScreen.storyboard;
			sourceTree = "<group>";
		};
/* End PBXVariantGroup section */

/* Begin XCBuildConfiguration section */
		C94BF969255C2073008B5A06 /* Debug */ = {
			isa = XCBuildConfiguration;
			buildSettings = {
				ALWAYS_SEARCH_USER_PATHS = NO;
				CLANG_ANALYZER_NONNULL = YES;
				CLANG_ANALYZER_NUMBER_OBJECT_CONVERSION = YES_AGGRESSIVE;
				CLANG_CXX_LANGUAGE_STANDARD = "gnu++14";
				CLANG_CXX_LIBRARY = "libc++";
				CLANG_ENABLE_MODULES = YES;
				CLANG_ENABLE_OBJC_ARC = YES;
				CLANG_ENABLE_OBJC_WEAK = YES;
				CLANG_WARN_BLOCK_CAPTURE_AUTORELEASING = YES;
				CLANG_WARN_BOOL_CONVERSION = YES;
				CLANG_WARN_COMMA = YES;
				CLANG_WARN_CONSTANT_CONVERSION = YES;
				CLANG_WARN_DEPRECATED_OBJC_IMPLEMENTATIONS = YES;
				CLANG_WARN_DIRECT_OBJC_ISA_USAGE = YES_ERROR;
				CLANG_WARN_DOCUMENTATION_COMMENTS = YES;
				CLANG_WARN_EMPTY_BODY = YES;
				CLANG_WARN_ENUM_CONVERSION = YES;
				CLANG_WARN_INFINITE_RECURSION = YES;
				CLANG_WARN_INT_CONVERSION = YES;
				CLANG_WARN_NON_LITERAL_NULL_CONVERSION = YES;
				CLANG_WARN_OBJC_IMPLICIT_RETAIN_SELF = YES;
				CLANG_WARN_OBJC_LITERAL_CONVERSION = YES;
				CLANG_WARN_OBJC_ROOT_CLASS = YES_ERROR;
				CLANG_WARN_QUOTED_INCLUDE_IN_FRAMEWORK_HEADER = YES;
				CLANG_WARN_RANGE_LOOP_ANALYSIS = YES;
				CLANG_WARN_STRICT_PROTOTYPES = YES;
				CLANG_WARN_SUSPICIOUS_MOVE = YES;
				CLANG_WARN_UNGUARDED_AVAILABILITY = YES_AGGRESSIVE;
				CLANG_WARN_UNREACHABLE_CODE = YES;
				CLANG_WARN__DUPLICATE_METHOD_MATCH = YES;
				COPY_PHASE_STRIP = NO;
				DEBUG_INFORMATION_FORMAT = dwarf;
				ENABLE_STRICT_OBJC_MSGSEND = YES;
				ENABLE_TESTABILITY = YES;
				GCC_C_LANGUAGE_STANDARD = gnu11;
				GCC_DYNAMIC_NO_PIC = NO;
				GCC_NO_COMMON_BLOCKS = YES;
				GCC_OPTIMIZATION_LEVEL = 0;
				GCC_PREPROCESSOR_DEFINITIONS = (
					"DEBUG=1",
					"$(inherited)",
				);
				GCC_WARN_64_TO_32_BIT_CONVERSION = YES;
				GCC_WARN_ABOUT_RETURN_TYPE = YES_ERROR;
				GCC_WARN_UNDECLARED_SELECTOR = YES;
				GCC_WARN_UNINITIALIZED_AUTOS = YES_AGGRESSIVE;
				GCC_WARN_UNUSED_FUNCTION = YES;
				GCC_WARN_UNUSED_VARIABLE = YES;
				IPHONEOS_DEPLOYMENT_TARGET = 14.0;
				MTL_ENABLE_DEBUG_INFO = INCLUDE_SOURCE;
				MTL_FAST_MATH = YES;
				ONLY_ACTIVE_ARCH = YES;
				SDKROOT = iphoneos;
				SWIFT_ACTIVE_COMPILATION_CONDITIONS = DEBUG;
				SWIFT_OPTIMIZATION_LEVEL = "-Onone";
			};
			name = Debug;
		};
		C94BF96A255C2073008B5A06 /* Release */ = {
			isa = XCBuildConfiguration;
			buildSettings = {
				ALWAYS_SEARCH_USER_PATHS = NO;
				CLANG_ANALYZER_NONNULL = YES;
				CLANG_ANALYZER_NUMBER_OBJECT_CONVERSION = YES_AGGRESSIVE;
				CLANG_CXX_LANGUAGE_STANDARD = "gnu++14";
				CLANG_CXX_LIBRARY = "libc++";
				CLANG_ENABLE_MODULES = YES;
				CLANG_ENABLE_OBJC_ARC = YES;
				CLANG_ENABLE_OBJC_WEAK = YES;
				CLANG_WARN_BLOCK_CAPTURE_AUTORELEASING = YES;
				CLANG_WARN_BOOL_CONVERSION = YES;
				CLANG_WARN_COMMA = YES;
				CLANG_WARN_CONSTANT_CONVERSION = YES;
				CLANG_WARN_DEPRECATED_OBJC_IMPLEMENTATIONS = YES;
				CLANG_WARN_DIRECT_OBJC_ISA_USAGE = YES_ERROR;
				CLANG_WARN_DOCUMENTATION_COMMENTS = YES;
				CLANG_WARN_EMPTY_BODY = YES;
				CLANG_WARN_ENUM_CONVERSION = YES;
				CLANG_WARN_INFINITE_RECURSION = YES;
				CLANG_WARN_INT_CONVERSION = YES;
				CLANG_WARN_NON_LITERAL_NULL_CONVERSION = YES;
				CLANG_WARN_OBJC_IMPLICIT_RETAIN_SELF = YES;
				CLANG_WARN_OBJC_LITERAL_CONVERSION = YES;
				CLANG_WARN_OBJC_ROOT_CLASS = YES_ERROR;
				CLANG_WARN_QUOTED_INCLUDE_IN_FRAMEWORK_HEADER = YES;
				CLANG_WARN_RANGE_LOOP_ANALYSIS = YES;
				CLANG_WARN_STRICT_PROTOTYPES = YES;
				CLANG_WARN_SUSPICIOUS_MOVE = YES;
				CLANG_WARN_UNGUARDED_AVAILABILITY = YES_AGGRESSIVE;
				CLANG_WARN_UNREACHABLE_CODE = YES;
				CLANG_WARN__DUPLICATE_METHOD_MATCH = YES;
				COPY_PHASE_STRIP = NO;
				DEBUG_INFORMATION_FORMAT = "dwarf-with-dsym";
				ENABLE_NS_ASSERTIONS = NO;
				ENABLE_STRICT_OBJC_MSGSEND = YES;
				GCC_C_LANGUAGE_STANDARD = gnu11;
				GCC_NO_COMMON_BLOCKS = YES;
				GCC_WARN_64_TO_32_BIT_CONVERSION = YES;
				GCC_WARN_ABOUT_RETURN_TYPE = YES_ERROR;
				GCC_WARN_UNDECLARED_SELECTOR = YES;
				GCC_WARN_UNINITIALIZED_AUTOS = YES_AGGRESSIVE;
				GCC_WARN_UNUSED_FUNCTION = YES;
				GCC_WARN_UNUSED_VARIABLE = YES;
				IPHONEOS_DEPLOYMENT_TARGET = 14.0;
				MTL_ENABLE_DEBUG_INFO = NO;
				MTL_FAST_MATH = YES;
				SDKROOT = iphoneos;
				SWIFT_COMPILATION_MODE = wholemodule;
				SWIFT_OPTIMIZATION_LEVEL = "-O";
				VALIDATE_PRODUCT = YES;
			};
			name = Release;
		};
		C94BF96C255C2073008B5A06 /* Debug */ = {
			isa = XCBuildConfiguration;
			baseConfigurationReference = 209EC8534691A0BDA6016DF8 /* Pods-desafioContaStone.debug.xcconfig */;
			buildSettings = {
				ASSETCATALOG_COMPILER_APPICON_NAME = AppIcon;
				ASSETCATALOG_COMPILER_GLOBAL_ACCENT_COLOR_NAME = AccentColor;
				CODE_SIGN_STYLE = Automatic;
				DEVELOPMENT_TEAM = 5BT8T7NFQF;
				INFOPLIST_FILE = desafioContaStone/Info.plist;
				LD_RUNPATH_SEARCH_PATHS = (
					"$(inherited)",
					"@executable_path/Frameworks",
				);
				PRODUCT_BUNDLE_IDENTIFIER = Fernanda.desafioContaStone;
				PRODUCT_NAME = "$(TARGET_NAME)";
				SWIFT_VERSION = 5.0;
				TARGETED_DEVICE_FAMILY = "1,2";
			};
			name = Debug;
		};
		C94BF96D255C2073008B5A06 /* Release */ = {
			isa = XCBuildConfiguration;
			baseConfigurationReference = 8D5C59302B9765C86D09448D /* Pods-desafioContaStone.release.xcconfig */;
			buildSettings = {
				ASSETCATALOG_COMPILER_APPICON_NAME = AppIcon;
				ASSETCATALOG_COMPILER_GLOBAL_ACCENT_COLOR_NAME = AccentColor;
				CODE_SIGN_STYLE = Automatic;
				DEVELOPMENT_TEAM = 5BT8T7NFQF;
				INFOPLIST_FILE = desafioContaStone/Info.plist;
				LD_RUNPATH_SEARCH_PATHS = (
					"$(inherited)",
					"@executable_path/Frameworks",
				);
				PRODUCT_BUNDLE_IDENTIFIER = Fernanda.desafioContaStone;
				PRODUCT_NAME = "$(TARGET_NAME)";
				SWIFT_VERSION = 5.0;
				TARGETED_DEVICE_FAMILY = "1,2";
			};
			name = Release;
		};
		C94BF96F255C2073008B5A06 /* Debug */ = {
			isa = XCBuildConfiguration;
			baseConfigurationReference = 84572603E5233C9D8C061F4E /* Pods-desafioContaStoneTests.debug.xcconfig */;
			buildSettings = {
				ALWAYS_EMBED_SWIFT_STANDARD_LIBRARIES = YES;
				BUNDLE_LOADER = "$(TEST_HOST)";
				CODE_SIGN_STYLE = Automatic;
				DEVELOPMENT_TEAM = 5BT8T7NFQF;
				INFOPLIST_FILE = desafioContaStoneTests/Info.plist;
				IPHONEOS_DEPLOYMENT_TARGET = 14.0;
				LD_RUNPATH_SEARCH_PATHS = (
					"$(inherited)",
					"@executable_path/Frameworks",
					"@loader_path/Frameworks",
				);
				PRODUCT_BUNDLE_IDENTIFIER = Fernanda.desafioContaStoneTests;
				PRODUCT_NAME = "$(TARGET_NAME)";
				SWIFT_VERSION = 5.0;
				TARGETED_DEVICE_FAMILY = "1,2";
				TEST_HOST = "$(BUILT_PRODUCTS_DIR)/desafioContaStone.app/desafioContaStone";
			};
			name = Debug;
		};
		C94BF970255C2073008B5A06 /* Release */ = {
			isa = XCBuildConfiguration;
			baseConfigurationReference = 8A219070A8BD70D06871036E /* Pods-desafioContaStoneTests.release.xcconfig */;
			buildSettings = {
				ALWAYS_EMBED_SWIFT_STANDARD_LIBRARIES = YES;
				BUNDLE_LOADER = "$(TEST_HOST)";
				CODE_SIGN_STYLE = Automatic;
				DEVELOPMENT_TEAM = 5BT8T7NFQF;
				INFOPLIST_FILE = desafioContaStoneTests/Info.plist;
				IPHONEOS_DEPLOYMENT_TARGET = 14.0;
				LD_RUNPATH_SEARCH_PATHS = (
					"$(inherited)",
					"@executable_path/Frameworks",
					"@loader_path/Frameworks",
				);
				PRODUCT_BUNDLE_IDENTIFIER = Fernanda.desafioContaStoneTests;
				PRODUCT_NAME = "$(TARGET_NAME)";
				SWIFT_VERSION = 5.0;
				TARGETED_DEVICE_FAMILY = "1,2";
				TEST_HOST = "$(BUILT_PRODUCTS_DIR)/desafioContaStone.app/desafioContaStone";
			};
			name = Release;
		};
		C94BF972255C2073008B5A06 /* Debug */ = {
			isa = XCBuildConfiguration;
			baseConfigurationReference = 88C0A25D04BD145A517B0FAF /* Pods-desafioContaStone-desafioContaStoneUITests.debug.xcconfig */;
			buildSettings = {
				ALWAYS_EMBED_SWIFT_STANDARD_LIBRARIES = YES;
				CODE_SIGN_STYLE = Automatic;
				DEVELOPMENT_TEAM = 5BT8T7NFQF;
				INFOPLIST_FILE = desafioContaStoneUITests/Info.plist;
				LD_RUNPATH_SEARCH_PATHS = (
					"$(inherited)",
					"@executable_path/Frameworks",
					"@loader_path/Frameworks",
				);
				PRODUCT_BUNDLE_IDENTIFIER = Fernanda.desafioContaStoneUITests;
				PRODUCT_NAME = "$(TARGET_NAME)";
				SWIFT_VERSION = 5.0;
				TARGETED_DEVICE_FAMILY = "1,2";
				TEST_TARGET_NAME = desafioContaStone;
			};
			name = Debug;
		};
		C94BF973255C2073008B5A06 /* Release */ = {
			isa = XCBuildConfiguration;
			baseConfigurationReference = E46B836F033B11DBAD6241E1 /* Pods-desafioContaStone-desafioContaStoneUITests.release.xcconfig */;
			buildSettings = {
				ALWAYS_EMBED_SWIFT_STANDARD_LIBRARIES = YES;
				CODE_SIGN_STYLE = Automatic;
				DEVELOPMENT_TEAM = 5BT8T7NFQF;
				INFOPLIST_FILE = desafioContaStoneUITests/Info.plist;
				LD_RUNPATH_SEARCH_PATHS = (
					"$(inherited)",
					"@executable_path/Frameworks",
					"@loader_path/Frameworks",
				);
				PRODUCT_BUNDLE_IDENTIFIER = Fernanda.desafioContaStoneUITests;
				PRODUCT_NAME = "$(TARGET_NAME)";
				SWIFT_VERSION = 5.0;
				TARGETED_DEVICE_FAMILY = "1,2";
				TEST_TARGET_NAME = desafioContaStone;
			};
			name = Release;
		};
/* End XCBuildConfiguration section */

/* Begin XCConfigurationList section */
		C94BF93C255C2070008B5A06 /* Build configuration list for PBXProject "desafioContaStone" */ = {
			isa = XCConfigurationList;
			buildConfigurations = (
				C94BF969255C2073008B5A06 /* Debug */,
				C94BF96A255C2073008B5A06 /* Release */,
			);
			defaultConfigurationIsVisible = 0;
			defaultConfigurationName = Release;
		};
		C94BF96B255C2073008B5A06 /* Build configuration list for PBXNativeTarget "desafioContaStone" */ = {
			isa = XCConfigurationList;
			buildConfigurations = (
				C94BF96C255C2073008B5A06 /* Debug */,
				C94BF96D255C2073008B5A06 /* Release */,
			);
			defaultConfigurationIsVisible = 0;
			defaultConfigurationName = Release;
		};
		C94BF96E255C2073008B5A06 /* Build configuration list for PBXNativeTarget "desafioContaStoneTests" */ = {
			isa = XCConfigurationList;
			buildConfigurations = (
				C94BF96F255C2073008B5A06 /* Debug */,
				C94BF970255C2073008B5A06 /* Release */,
			);
			defaultConfigurationIsVisible = 0;
			defaultConfigurationName = Release;
		};
		C94BF971255C2073008B5A06 /* Build configuration list for PBXNativeTarget "desafioContaStoneUITests" */ = {
			isa = XCConfigurationList;
			buildConfigurations = (
				C94BF972255C2073008B5A06 /* Debug */,
				C94BF973255C2073008B5A06 /* Release */,
			);
			defaultConfigurationIsVisible = 0;
			defaultConfigurationName = Release;
		};
/* End XCConfigurationList section */
	};
	rootObject = C94BF939255C2070008B5A06 /* Project object */;
}
